
Microsoft Visual Studio Solution File, Format Version 12.00
# Visual Studio Version 16
VisualStudioVersion = 16.0.33801.447
MinimumVisualStudioVersion = 10.0.40219.1
Project("{FAE04EC0-301F-11D3-BF4B-00C04F79EFBC}") = "NoBedtime", "NoBedtime\NoBedtime.csproj", "{0BD62A28-1041-4CBE-82AB-F108DCF8ED05}"
EndProject
Project("{FAE04EC0-301F-11D3-BF4B-00C04F79EFBC}") = "ClockFix", "ClockFix\ClockFix.csproj", "{E8221CF7-76A3-480D-B374-4080D9C5F0B7}"
EndProject
Project("{FAE04EC0-301F-11D3-BF4B-00C04F79EFBC}") = "BetterPlayerNames", "BetterPlayerNames\BetterPlayerNames.csproj", "{92BA1A06-2C7E-4B24-BF86-0A93C36C1736}"
EndProject
Project("{FAE04EC0-301F-11D3-BF4B-00C04F79EFBC}") = "BetterQuickSlots", "BetterQuickSlots\BetterQuickSlots.csproj", "{69C45483-8BAF-46EA-A41C-1E3E262E7C9A}"
EndProject
Global
	GlobalSection(SolutionConfigurationPlatforms) = preSolution
		Debug|Any CPU = Debug|Any CPU
		Release|Any CPU = Release|Any CPU
	EndGlobalSection
	GlobalSection(ProjectConfigurationPlatforms) = postSolution
		{0BD62A28-1041-4CBE-82AB-F108DCF8ED05}.Debug|Any CPU.ActiveCfg = Debug|Any CPU
		{0BD62A28-1041-4CBE-82AB-F108DCF8ED05}.Debug|Any CPU.Build.0 = Debug|Any CPU
		{0BD62A28-1041-4CBE-82AB-F108DCF8ED05}.Release|Any CPU.ActiveCfg = Release|Any CPU
		{0BD62A28-1041-4CBE-82AB-F108DCF8ED05}.Release|Any CPU.Build.0 = Release|Any CPU
		{E8221CF7-76A3-480D-B374-4080D9C5F0B7}.Debug|Any CPU.ActiveCfg = Debug|Any CPU
		{E8221CF7-76A3-480D-B374-4080D9C5F0B7}.Debug|Any CPU.Build.0 = Debug|Any CPU
		{E8221CF7-76A3-480D-B374-4080D9C5F0B7}.Release|Any CPU.ActiveCfg = Release|Any CPU
		{E8221CF7-76A3-480D-B374-4080D9C5F0B7}.Release|Any CPU.Build.0 = Release|Any CPU
		{92BA1A06-2C7E-4B24-BF86-0A93C36C1736}.Debug|Any CPU.ActiveCfg = Debug|Any CPU
		{92BA1A06-2C7E-4B24-BF86-0A93C36C1736}.Debug|Any CPU.Build.0 = Debug|Any CPU
		{92BA1A06-2C7E-4B24-BF86-0A93C36C1736}.Release|Any CPU.ActiveCfg = Release|Any CPU
		{92BA1A06-2C7E-4B24-BF86-0A93C36C1736}.Release|Any CPU.Build.0 = Release|Any CPU
		{69C45483-8BAF-46EA-A41C-1E3E262E7C9A}.Debug|Any CPU.ActiveCfg = Debug|Any CPU
		{69C45483-8BAF-46EA-A41C-1E3E262E7C9A}.Debug|Any CPU.Build.0 = Debug|Any CPU
		{69C45483-8BAF-46EA-A41C-1E3E262E7C9A}.Release|Any CPU.ActiveCfg = Release|Any CPU
		{69C45483-8BAF-46EA-A41C-1E3E262E7C9A}.Release|Any CPU.Build.0 = Release|Any CPU
	EndGlobalSection
	GlobalSection(SolutionProperties) = preSolution
		HideSolutionNode = FALSE
	EndGlobalSection
	GlobalSection(ExtensibilityGlobals) = postSolution
		SolutionGuid = {7156E3C3-31C4-4ED2-9276-CA9AE7B01BA6}
	EndGlobalSection
EndGlobal
